// !$*UTF8*$!
{
	archiveVersion = 1;
	classes = {
	};
	objectVersion = 46;
	objects = {

/* Begin PBXBuildFile section */
		D67698A31F4AC70C00777ED6 /* ZLaunchAdConfig.m in Sources */ = {isa = PBXBuildFile; fileRef = D67698A21F4AC70C00777ED6 /* ZLaunchAdConfig.m */; };
		D6DE019E1F46E2DC00873BE0 /* main.m in Sources */ = {isa = PBXBuildFile; fileRef = D6DE019D1F46E2DC00873BE0 /* main.m */; };
		D6DE01A11F46E2DC00873BE0 /* AppDelegate.m in Sources */ = {isa = PBXBuildFile; fileRef = D6DE01A01F46E2DC00873BE0 /* AppDelegate.m */; };
		D6DE01A41F46E2DC00873BE0 /* ViewController.m in Sources */ = {isa = PBXBuildFile; fileRef = D6DE01A31F46E2DC00873BE0 /* ViewController.m */; };
		D6DE01A91F46E2DC00873BE0 /* Assets.xcassets in Resources */ = {isa = PBXBuildFile; fileRef = D6DE01A81F46E2DC00873BE0 /* Assets.xcassets */; };
		D6DE01AC1F46E2DC00873BE0 /* LaunchScreen.storyboard in Resources */ = {isa = PBXBuildFile; fileRef = D6DE01AA1F46E2DC00873BE0 /* LaunchScreen.storyboard */; };
		D6DE01D41F46F37500873BE0 /* ZLaunchAdVC.m in Sources */ = {isa = PBXBuildFile; fileRef = D6DE01D31F46F37500873BE0 /* ZLaunchAdVC.m */; };
		D6DE01D81F46F9EB00873BE0 /* UIImageView+ZLaunchAd.m in Sources */ = {isa = PBXBuildFile; fileRef = D6DE01D71F46F9EB00873BE0 /* UIImageView+ZLaunchAd.m */; };
/* End PBXBuildFile section */

/* Begin PBXFileReference section */
		D67698A11F4AC70C00777ED6 /* ZLaunchAdConfig.h */ = {isa = PBXFileReference; fileEncoding = 4; lastKnownFileType = sourcecode.c.h; path = ZLaunchAdConfig.h; sourceTree = "<group>"; };
		D67698A21F4AC70C00777ED6 /* ZLaunchAdConfig.m */ = {isa = PBXFileReference; fileEncoding = 4; lastKnownFileType = sourcecode.c.objc; path = ZLaunchAdConfig.m; sourceTree = "<group>"; };
		D6DE01991F46E2DC00873BE0 /* ZLaunchAdObjc.app */ = {isa = PBXFileReference; explicitFileType = wrapper.application; includeInIndex = 0; path = ZLaunchAdObjc.app; sourceTree = BUILT_PRODUCTS_DIR; };
		D6DE019D1F46E2DC00873BE0 /* main.m */ = {isa = PBXFileReference; lastKnownFileType = sourcecode.c.objc; path = main.m; sourceTree = "<group>"; };
		D6DE019F1F46E2DC00873BE0 /* AppDelegate.h */ = {isa = PBXFileReference; lastKnownFileType = sourcecode.c.h; path = AppDelegate.h; sourceTree = "<group>"; };
		D6DE01A01F46E2DC00873BE0 /* AppDelegate.m */ = {isa = PBXFileReference; lastKnownFileType = sourcecode.c.objc; path = AppDelegate.m; sourceTree = "<group>"; };
		D6DE01A21F46E2DC00873BE0 /* ViewController.h */ = {isa = PBXFileReference; lastKnownFileType = sourcecode.c.h; path = ViewController.h; sourceTree = "<group>"; };
		D6DE01A31F46E2DC00873BE0 /* ViewController.m */ = {isa = PBXFileReference; lastKnownFileType = sourcecode.c.objc; path = ViewController.m; sourceTree = "<group>"; };
		D6DE01A81F46E2DC00873BE0 /* Assets.xcassets */ = {isa = PBXFileReference; lastKnownFileType = folder.assetcatalog; path = Assets.xcassets; sourceTree = "<group>"; };
		D6DE01AB1F46E2DC00873BE0 /* Base */ = {isa = PBXFileReference; lastKnownFileType = file.storyboard; name = Base; path = Base.lproj/LaunchScreen.storyboard; sourceTree = "<group>"; };
		D6DE01AD1F46E2DC00873BE0 /* Info.plist */ = {isa = PBXFileReference; lastKnownFileType = text.plist.xml; path = Info.plist; sourceTree = "<group>"; };
		D6DE01D21F46F37500873BE0 /* ZLaunchAdVC.h */ = {isa = PBXFileReference; fileEncoding = 4; lastKnownFileType = sourcecode.c.h; path = ZLaunchAdVC.h; sourceTree = "<group>"; };
		D6DE01D31F46F37500873BE0 /* ZLaunchAdVC.m */ = {isa = PBXFileReference; fileEncoding = 4; lastKnownFileType = sourcecode.c.objc; path = ZLaunchAdVC.m; sourceTree = "<group>"; };
		D6DE01D61F46F9EB00873BE0 /* UIImageView+ZLaunchAd.h */ = {isa = PBXFileReference; fileEncoding = 4; lastKnownFileType = sourcecode.c.h; path = "UIImageView+ZLaunchAd.h"; sourceTree = "<group>"; };
		D6DE01D71F46F9EB00873BE0 /* UIImageView+ZLaunchAd.m */ = {isa = PBXFileReference; fileEncoding = 4; lastKnownFileType = sourcecode.c.objc; path = "UIImageView+ZLaunchAd.m"; sourceTree = "<group>"; };
/* End PBXFileReference section */

/* Begin PBXFrameworksBuildPhase section */
		D6DE01961F46E2DC00873BE0 /* Frameworks */ = {
			isa = PBXFrameworksBuildPhase;
			buildActionMask = 2147483647;
			files = (
			);
			runOnlyForDeploymentPostprocessing = 0;
		};
/* End PBXFrameworksBuildPhase section */

/* Begin PBXGroup section */
		D6DE01901F46E2DC00873BE0 = {
			isa = PBXGroup;
			children = (
				D6DE019B1F46E2DC00873BE0 /* ZLaunchAdObjc */,
				D6DE019A1F46E2DC00873BE0 /* Products */,
			);
			sourceTree = "<group>";
		};
		D6DE019A1F46E2DC00873BE0 /* Products */ = {
			isa = PBXGroup;
			children = (
				D6DE01991F46E2DC00873BE0 /* ZLaunchAdObjc.app */,
			);
			name = Products;
			sourceTree = "<group>";
		};
		D6DE019B1F46E2DC00873BE0 /* ZLaunchAdObjc */ = {
			isa = PBXGroup;
			children = (
				D6DE01B31F46E3A500873BE0 /* ZLaunchAdObjc */,
				D6DE019F1F46E2DC00873BE0 /* AppDelegate.h */,
				D6DE01A01F46E2DC00873BE0 /* AppDelegate.m */,
				D6DE01A21F46E2DC00873BE0 /* ViewController.h */,
				D6DE01A31F46E2DC00873BE0 /* ViewController.m */,
				D6DE01A81F46E2DC00873BE0 /* Assets.xcassets */,
				D6DE01AA1F46E2DC00873BE0 /* LaunchScreen.storyboard */,
				D6DE01AD1F46E2DC00873BE0 /* Info.plist */,
				D6DE019C1F46E2DC00873BE0 /* Supporting Files */,
			);
			path = ZLaunchAdObjc;
			sourceTree = "<group>";
		};
		D6DE019C1F46E2DC00873BE0 /* Supporting Files */ = {
			isa = PBXGroup;
			children = (
				D6DE019D1F46E2DC00873BE0 /* main.m */,
			);
			name = "Supporting Files";
			sourceTree = "<group>";
		};
		D6DE01B31F46E3A500873BE0 /* ZLaunchAdObjc */ = {
			isa = PBXGroup;
			children = (
				D6DE01D21F46F37500873BE0 /* ZLaunchAdVC.h */,
				D6DE01D31F46F37500873BE0 /* ZLaunchAdVC.m */,
				D6DE01D61F46F9EB00873BE0 /* UIImageView+ZLaunchAd.h */,
				D6DE01D71F46F9EB00873BE0 /* UIImageView+ZLaunchAd.m */,
				D67698A11F4AC70C00777ED6 /* ZLaunchAdConfig.h */,
				D67698A21F4AC70C00777ED6 /* ZLaunchAdConfig.m */,
			);
			path = ZLaunchAdObjc;
			sourceTree = "<group>";
		};
/* End PBXGroup section */

/* Begin PBXNativeTarget section */
		D6DE01981F46E2DC00873BE0 /* ZLaunchAdObjc */ = {
			isa = PBXNativeTarget;
			buildConfigurationList = D6DE01B01F46E2DC00873BE0 /* Build configuration list for PBXNativeTarget "ZLaunchAdObjc" */;
			buildPhases = (
				D6DE01951F46E2DC00873BE0 /* Sources */,
				D6DE01961F46E2DC00873BE0 /* Frameworks */,
				D6DE01971F46E2DC00873BE0 /* Resources */,
			);
			buildRules = (
			);
			dependencies = (
			);
			name = ZLaunchAdObjc;
			productName = ZLaunchAdObjc;
			productReference = D6DE01991F46E2DC00873BE0 /* ZLaunchAdObjc.app */;
			productType = "com.apple.product-type.application";
		};
/* End PBXNativeTarget section */

/* Begin PBXProject section */
		D6DE01911F46E2DC00873BE0 /* Project object */ = {
			isa = PBXProject;
			attributes = {
				LastUpgradeCheck = 0830;
				ORGANIZATIONNAME = mengqingzheng;
				TargetAttributes = {
					D6DE01981F46E2DC00873BE0 = {
						CreatedOnToolsVersion = 8.3.3;
						ProvisioningStyle = Automatic;
					};
				};
			};
			buildConfigurationList = D6DE01941F46E2DC00873BE0 /* Build configuration list for PBXProject "ZLaunchAdObjc" */;
			compatibilityVersion = "Xcode 3.2";
			developmentRegion = English;
			hasScannedForEncodings = 0;
			knownRegions = (
				en,
				Base,
			);
			mainGroup = D6DE01901F46E2DC00873BE0;
			productRefGroup = D6DE019A1F46E2DC00873BE0 /* Products */;
			projectDirPath = "";
			projectRoot = "";
			targets = (
				D6DE01981F46E2DC00873BE0 /* ZLaunchAdObjc */,
			);
		};
/* End PBXProject section */

/* Begin PBXResourcesBuildPhase section */
		D6DE01971F46E2DC00873BE0 /* Resources */ = {
			isa = PBXResourcesBuildPhase;
			buildActionMask = 2147483647;
			files = (
				D6DE01AC1F46E2DC00873BE0 /* LaunchScreen.storyboard in Resources */,
				D6DE01A91F46E2DC00873BE0 /* Assets.xcassets in Resources */,
			);
			runOnlyForDeploymentPostprocessing = 0;
		};
/* End PBXResourcesBuildPhase section */

/* Begin PBXSourcesBuildPhase section */
		D6DE01951F46E2DC00873BE0 /* Sources */ = {
			isa = PBXSourcesBuildPhase;
			buildActionMask = 2147483647;
			files = (
				D6DE01A41F46E2DC00873BE0 /* ViewController.m in Sources */,
				D6DE01A11F46E2DC00873BE0 /* AppDelegate.m in Sources */,
				D67698A31F4AC70C00777ED6 /* ZLaunchAdConfig.m in Sources */,
				D6DE019E1F46E2DC00873BE0 /* main.m in Sources */,
				D6DE01D81F46F9EB00873BE0 /* UIImageView+ZLaunchAd.m in Sources */,
				D6DE01D41F46F37500873BE0 /* ZLaunchAdVC.m in Sources */,
			);
			runOnlyForDeploymentPostprocessing = 0;
		};
/* End PBXSourcesBuildPhase section */

/* Begin PBXVariantGroup section */
		D6DE01AA1F46E2DC00873BE0 /* LaunchScreen.storyboard */ = {
			isa = PBXVariantGroup;
			children = (
				D6DE01AB1F46E2DC00873BE0 /* Base */,
			);
			name = LaunchScreen.storyboard;
			sourceTree = "<group>";
		};
/* End PBXVariantGroup section */

/* Begin XCBuildConfiguration section */
		D6DE01AE1F46E2DC00873BE0 /* Debug */ = {
			isa = XCBuildConfiguration;
			buildSettings = {
				ALWAYS_SEARCH_USER_PATHS = NO;
				CLANG_ANALYZER_NONNULL = YES;
				CLANG_ANALYZER_NUMBER_OBJECT_CONVERSION = YES_AGGRESSIVE;
				CLANG_CXX_LANGUAGE_STANDARD = "gnu++0x";
				CLANG_CXX_LIBRARY = "libc++";
				CLANG_ENABLE_MODULES = YES;
				CLANG_ENABLE_OBJC_ARC = YES;
				CLANG_WARN_BOOL_CONVERSION = YES;
				CLANG_WARN_CONSTANT_CONVERSION = YES;
				CLANG_WARN_DIRECT_OBJC_ISA_USAGE = YES_ERROR;
				CLANG_WARN_DOCUMENTATION_COMMENTS = YES;
				CLANG_WARN_EMPTY_BODY = YES;
				CLANG_WARN_ENUM_CONVERSION = YES;
				CLANG_WARN_INFINITE_RECURSION = YES;
				CLANG_WARN_INT_CONVERSION = YES;
				CLANG_WARN_OBJC_ROOT_CLASS = YES_ERROR;
				CLANG_WARN_SUSPICIOUS_MOVE = YES;
				CLANG_WARN_UNREACHABLE_CODE = YES;
				CLANG_WARN__DUPLICATE_METHOD_MATCH = YES;
				"CODE_SIGN_IDENTITY[sdk=iphoneos*]" = "iPhone Developer";
				COPY_PHASE_STRIP = NO;
				DEBUG_INFORMATION_FORMAT = dwarf;
				ENABLE_STRICT_OBJC_MSGSEND = YES;
				ENABLE_TESTABILITY = YES;
				GCC_C_LANGUAGE_STANDARD = gnu99;
				GCC_DYNAMIC_NO_PIC = NO;
				GCC_NO_COMMON_BLOCKS = YES;
				GCC_OPTIMIZATION_LEVEL = 0;
				GCC_PREPROCESSOR_DEFINITIONS = (
					"DEBUG=1",
					"$(inherited)",
				);
				GCC_WARN_64_TO_32_BIT_CONVERSION = YES;
				GCC_WARN_ABOUT_RETURN_TYPE = YES_ERROR;
				GCC_WARN_UNDECLARED_SELECTOR = YES;
				GCC_WARN_UNINITIALIZED_AUTOS = YES_AGGRESSIVE;
				GCC_WARN_UNUSED_FUNCTION = YES;
				GCC_WARN_UNUSED_VARIABLE = YES;
				IPHONEOS_DEPLOYMENT_TARGET = 10.3;
				MTL_ENABLE_DEBUG_INFO = YES;
				ONLY_ACTIVE_ARCH = YES;
				SDKROOT = iphoneos;
				TARGETED_DEVICE_FAMILY = "1,2";
			};
			name = Debug;
		};
		D6DE01AF1F46E2DC00873BE0 /* Release */ = {
			isa = XCBuildConfiguration;
			buildSettings = {
				ALWAYS_SEARCH_USER_PATHS = NO;
				CLANG_ANALYZER_NONNULL = YES;
				CLANG_ANALYZER_NUMBER_OBJECT_CONVERSION = YES_AGGRESSIVE;
				CLANG_CXX_LANGUAGE_STANDARD = "gnu++0x";
				CLANG_CXX_LIBRARY = "libc++";
				CLANG_ENABLE_MODULES = YES;
				CLANG_ENABLE_OBJC_ARC = YES;
				CLANG_WARN_BOOL_CONVERSION = YES;
				CLANG_WARN_CONSTANT_CONVERSION = YES;
				CLANG_WARN_DIRECT_OBJC_ISA_USAGE = YES_ERROR;
				CLANG_WARN_DOCUMENTATION_COMMENTS = YES;
				CLANG_WARN_EMPTY_BODY = YES;
				CLANG_WARN_ENUM_CONVERSION = YES;
				CLANG_WARN_INFINITE_RECURSION = YES;
				CLANG_WARN_INT_CONVERSION = YES;
				CLANG_WARN_OBJC_ROOT_CLASS = YES_ERROR;
				CLANG_WARN_SUSPICIOUS_MOVE = YES;
				CLANG_WARN_UNREACHABLE_CODE = YES;
				CLANG_WARN__DUPLICATE_METHOD_MATCH = YES;
				"CODE_SIGN_IDENTITY[sdk=iphoneos*]" = "iPhone Developer";
				COPY_PHASE_STRIP = NO;
				DEBUG_INFORMATION_FORMAT = "dwarf-with-dsym";
				ENABLE_NS_ASSERTIONS = NO;
				ENABLE_STRICT_OBJC_MSGSEND = YES;
				GCC_C_LANGUAGE_STANDARD = gnu99;
				GCC_NO_COMMON_BLOCKS = YES;
				GCC_WARN_64_TO_32_BIT_CONVERSION = YES;
				GCC_WARN_ABOUT_RETURN_TYPE = YES_ERROR;
				GCC_WARN_UNDECLARED_SELECTOR = YES;
				GCC_WARN_UNINITIALIZED_AUTOS = YES_AGGRESSIVE;
				GCC_WARN_UNUSED_FUNCTION = YES;
				GCC_WARN_UNUSED_VARIABLE = YES;
				IPHONEOS_DEPLOYMENT_TARGET = 10.3;
				MTL_ENABLE_DEBUG_INFO = NO;
				SDKROOT = iphoneos;
				TARGETED_DEVICE_FAMILY = "1,2";
				VALIDATE_PRODUCT = YES;
			};
			name = Release;
		};
		D6DE01B11F46E2DC00873BE0 /* Debug */ = {
			isa = XCBuildConfiguration;
			buildSettings = {
				ASSETCATALOG_COMPILER_APPICON_NAME = AppIcon;
				INFOPLIST_FILE = ZLaunchAdObjc/Info.plist;
				IPHONEOS_DEPLOYMENT_TARGET = 8.0;
				LD_RUNPATH_SEARCH_PATHS = "$(inherited) @executable_path/Frameworks";
				PRODUCT_BUNDLE_IDENTIFIER = meng.ZLaunchAdObjc;
				PRODUCT_NAME = "$(TARGET_NAME)";
			};
			name = Debug;
		};
		D6DE01B21F46E2DC00873BE0 /* Release */ = {
			isa = XCBuildConfiguration;
			buildSettings = {
				ASSETCATALOG_COMPILER_APPICON_NAME = AppIcon;
				INFOPLIST_FILE = ZLaunchAdObjc/Info.plist;
				IPHONEOS_DEPLOYMENT_TARGET = 8.0;
				LD_RUNPATH_SEARCH_PATHS = "$(inherited) @executable_path/Frameworks";
				PRODUCT_BUNDLE_IDENTIFIER = meng.ZLaunchAdObjc;
				PRODUCT_NAME = "$(TARGET_NAME)";
			};
			name = Release;
		};
/* End XCBuildConfiguration section */

/* Begin XCConfigurationList section */
		D6DE01941F46E2DC00873BE0 /* Build configuration list for PBXProject "ZLaunchAdObjc" */ = {
			isa = XCConfigurationList;
			buildConfigurations = (
				D6DE01AE1F46E2DC00873BE0 /* Debug */,
				D6DE01AF1F46E2DC00873BE0 /* Release */,
			);
			defaultConfigurationIsVisible = 0;
			defaultConfigurationName = Release;
		};
		D6DE01B01F46E2DC00873BE0 /* Build configuration list for PBXNativeTarget "ZLaunchAdObjc" */ = {
			isa = XCConfigurationList;
			buildConfigurations = (
				D6DE01B11F46E2DC00873BE0 /* Debug */,
				D6DE01B21F46E2DC00873BE0 /* Release */,
			);
			defaultConfigurationIsVisible = 0;
			defaultConfigurationName = Release;
		};
/* End XCConfigurationList section */
	};
	rootObject = D6DE01911F46E2DC00873BE0 /* Project object */;
}
